
Microsoft Visual Studio Solution File, Format Version 12.00
# Visual Studio 15
VisualStudioVersion = 15.0.27703.2026
MinimumVisualStudioVersion = 10.0.40219.1
Project("{FAE04EC0-301F-11D3-BF4B-00C04F79EFBC}") = "DocServiceBusTopic", "DocServiceBusTopic\DocServiceBusTopic.csproj", "{17737B34-7B0E-4624-8CFB-0CA735D26B01}"
EndProject
Global
	GlobalSection(SolutionConfigurationPlatforms) = preSolution
		Debug|Any CPU = Debug|Any CPU
		Release|Any CPU = Release|Any CPU
	EndGlobalSection
	GlobalSection(ProjectConfigurationPlatforms) = postSolution
		{17737B34-7B0E-4624-8CFB-0CA735D26B01}.Debug|Any CPU.ActiveCfg = Debug|Any CPU
		{17737B34-7B0E-4624-8CFB-0CA735D26B01}.Debug|Any CPU.Build.0 = Debug|Any CPU
		{17737B34-7B0E-4624-8CFB-0CA735D26B01}.Release|Any CPU.ActiveCfg = Release|Any CPU
		{17737B34-7B0E-4624-8CFB-0CA735D26B01}.Release|Any CPU.Build.0 = Release|Any CPU
	EndGlobalSection
	GlobalSection(SolutionProperties) = preSolution
		HideSolutionNode = FALSE
	EndGlobalSection
	GlobalSection(ExtensibilityGlobals) = postSolution
		SolutionGuid = {A1689CAD-80E3-47D4-B75D-4B44F6FF8F6B}
	EndGlobalSection
EndGlobal
